# THIS IS AN AUTOGENERATED FILE. DO NOT EDIT THIS FILE DIRECTLY.
# yarn lockfile v1


"@skyrim-platform/skyrim-platform@^2.3.1":
  version "2.3.1"
  resolved "https://registry.yarnpkg.com/@skyrim-platform/skyrim-platform/-/skyrim-platform-2.3.1.tgz#f37ebcd597ed6495ff8ff7352b41561de4c73c7d"
  integrity sha512-QvuCVSSxtO6fxGa0XYesul9AdJR5EpbeUZFfzMR6GKBhhe5D7tC8TYm+EiN84qS53yh+KNDsO29z2bB51EWonQ==
